
Microsoft Visual Studio Solution File, Format Version 12.00
# Visual Studio Version 16
VisualStudioVersion = 16.0.30717.126
MinimumVisualStudioVersion = 10.0.40219.1
Project("{FAE04EC0-301F-11D3-BF4B-00C04F79EFBC}") = "CustomList", "CustomList\CustomList.csproj", "{0B8F67F7-5678-4C62-B7E9-1C627F04E5C1}"
EndProject
Project("{FAE04EC0-301F-11D3-BF4B-00C04F79EFBC}") = "CustomListTest", "CustomListTest\CustomListTest.csproj", "{5824017D-43B7-417E-8EE5-F8031467C9F9}"
EndProject
Global
	GlobalSection(SolutionConfigurationPlatforms) = preSolution
		Debug|Any CPU = Debug|Any CPU
		Release|Any CPU = Release|Any CPU
	EndGlobalSection
	GlobalSection(ProjectConfigurationPlatforms) = postSolution
		{0B8F67F7-5678-4C62-B7E9-1C627F04E5C1}.Debug|Any CPU.ActiveCfg = Debug|Any CPU
		{0B8F67F7-5678-4C62-B7E9-1C627F04E5C1}.Debug|Any CPU.Build.0 = Debug|Any CPU
		{0B8F67F7-5678-4C62-B7E9-1C627F04E5C1}.Release|Any CPU.ActiveCfg = Release|Any CPU
		{0B8F67F7-5678-4C62-B7E9-1C627F04E5C1}.Release|Any CPU.Build.0 = Release|Any CPU
		{5824017D-43B7-417E-8EE5-F8031467C9F9}.Debug|Any CPU.ActiveCfg = Debug|Any CPU
		{5824017D-43B7-417E-8EE5-F8031467C9F9}.Debug|Any CPU.Build.0 = Debug|Any CPU
		{5824017D-43B7-417E-8EE5-F8031467C9F9}.Release|Any CPU.ActiveCfg = Release|Any CPU
		{5824017D-43B7-417E-8EE5-F8031467C9F9}.Release|Any CPU.Build.0 = Release|Any CPU
	EndGlobalSection
	GlobalSection(SolutionProperties) = preSolution
		HideSolutionNode = FALSE
	EndGlobalSection
	GlobalSection(ExtensibilityGlobals) = postSolution
		SolutionGuid = {14B72845-95A9-4111-9012-D01861AEDD07}
	EndGlobalSection
EndGlobal
